
Microsoft Visual Studio Solution File, Format Version 12.00
# Visual Studio Version 17
VisualStudioVersion = 17.5.002.0
MinimumVisualStudioVersion = 10.0.40219.1
Project("{9A19103F-16F7-4668-BE54-9A1E7A4F7556}") = "HelloWorld", "HelloWorld\HelloWorld.csproj", "{6B00B6FA-59F3-4114-8B68-C550C6B4B5B5}"
EndProject
Project("{2150E333-8FDC-42A3-9474-1A3956D46DE8}") = "Kapitel-1", "Kapitel-1", "{79DCFFDC-AB29-4F01-8DAE-A122BDC479A7}"
EndProject
Project("{9A19103F-16F7-4668-BE54-9A1E7A4F7556}") = "Lucktext", "Kapitel-1\Lucktext\Lucktext.csproj", "{2C597174-F180-4B0A-9B38-04B41E66B8AE}"
EndProject
Project("{9A19103F-16F7-4668-BE54-9A1E7A4F7556}") = "Registrering", "Kapitel-1\Registrering\Registrering.csproj", "{27B26A00-47DC-484F-AF25-E2EE8E7F0FAF}"
EndProject
Project("{2150E333-8FDC-42A3-9474-1A3956D46DE8}") = "Kapitel-3", "Kapitel-3", "{A44BFAEF-4A21-4153-9445-1E69EBC34CB3}"
EndProject
Project("{9A19103F-16F7-4668-BE54-9A1E7A4F7556}") = "EngChart", "Kapitel-3\EngChart\EngChart.csproj", "{670A7A9A-3A40-42DC-8105-00C85EF44C65}"
EndProject
Project("{9A19103F-16F7-4668-BE54-9A1E7A4F7556}") = "InteraktivStory", "Kapitel-3\InteraktivStory\InteraktivStory.csproj", "{3544EF49-3948-4CB7-80B4-E1FFE86741F1}"
EndProject
Global
	GlobalSection(SolutionConfigurationPlatforms) = preSolution
		Debug|Any CPU = Debug|Any CPU
		Release|Any CPU = Release|Any CPU
	EndGlobalSection
	GlobalSection(ProjectConfigurationPlatforms) = postSolution
		{6B00B6FA-59F3-4114-8B68-C550C6B4B5B5}.Debug|Any CPU.ActiveCfg = Debug|Any CPU
		{6B00B6FA-59F3-4114-8B68-C550C6B4B5B5}.Debug|Any CPU.Build.0 = Debug|Any CPU
		{6B00B6FA-59F3-4114-8B68-C550C6B4B5B5}.Release|Any CPU.ActiveCfg = Release|Any CPU
		{6B00B6FA-59F3-4114-8B68-C550C6B4B5B5}.Release|Any CPU.Build.0 = Release|Any CPU
		{2C597174-F180-4B0A-9B38-04B41E66B8AE}.Debug|Any CPU.ActiveCfg = Debug|Any CPU
		{2C597174-F180-4B0A-9B38-04B41E66B8AE}.Debug|Any CPU.Build.0 = Debug|Any CPU
		{2C597174-F180-4B0A-9B38-04B41E66B8AE}.Release|Any CPU.ActiveCfg = Release|Any CPU
		{2C597174-F180-4B0A-9B38-04B41E66B8AE}.Release|Any CPU.Build.0 = Release|Any CPU
		{27B26A00-47DC-484F-AF25-E2EE8E7F0FAF}.Debug|Any CPU.ActiveCfg = Debug|Any CPU
		{27B26A00-47DC-484F-AF25-E2EE8E7F0FAF}.Debug|Any CPU.Build.0 = Debug|Any CPU
		{27B26A00-47DC-484F-AF25-E2EE8E7F0FAF}.Release|Any CPU.ActiveCfg = Release|Any CPU
		{27B26A00-47DC-484F-AF25-E2EE8E7F0FAF}.Release|Any CPU.Build.0 = Release|Any CPU
		{670A7A9A-3A40-42DC-8105-00C85EF44C65}.Debug|Any CPU.ActiveCfg = Debug|Any CPU
		{670A7A9A-3A40-42DC-8105-00C85EF44C65}.Debug|Any CPU.Build.0 = Debug|Any CPU
		{670A7A9A-3A40-42DC-8105-00C85EF44C65}.Release|Any CPU.ActiveCfg = Release|Any CPU
		{670A7A9A-3A40-42DC-8105-00C85EF44C65}.Release|Any CPU.Build.0 = Release|Any CPU
		{3544EF49-3948-4CB7-80B4-E1FFE86741F1}.Debug|Any CPU.ActiveCfg = Debug|Any CPU
		{3544EF49-3948-4CB7-80B4-E1FFE86741F1}.Debug|Any CPU.Build.0 = Debug|Any CPU
		{3544EF49-3948-4CB7-80B4-E1FFE86741F1}.Release|Any CPU.ActiveCfg = Release|Any CPU
		{3544EF49-3948-4CB7-80B4-E1FFE86741F1}.Release|Any CPU.Build.0 = Release|Any CPU
	EndGlobalSection
	GlobalSection(SolutionProperties) = preSolution
		HideSolutionNode = FALSE
	EndGlobalSection
	GlobalSection(NestedProjects) = preSolution
		{2C597174-F180-4B0A-9B38-04B41E66B8AE} = {79DCFFDC-AB29-4F01-8DAE-A122BDC479A7}
		{27B26A00-47DC-484F-AF25-E2EE8E7F0FAF} = {79DCFFDC-AB29-4F01-8DAE-A122BDC479A7}
		{670A7A9A-3A40-42DC-8105-00C85EF44C65} = {A44BFAEF-4A21-4153-9445-1E69EBC34CB3}
		{3544EF49-3948-4CB7-80B4-E1FFE86741F1} = {A44BFAEF-4A21-4153-9445-1E69EBC34CB3}
	EndGlobalSection
	GlobalSection(ExtensibilityGlobals) = postSolution
		SolutionGuid = {3A863530-0045-430D-AF00-8B999A6A785B}
	EndGlobalSection
EndGlobal
