
Microsoft Visual Studio Solution File, Format Version 12.00
# Visual Studio Version 17
VisualStudioVersion = 17.5.002.0
MinimumVisualStudioVersion = 10.0.40219.1
Project("{9A19103F-16F7-4668-BE54-9A1E7A4F7556}") = "HelloWorld", "HelloWorld\HelloWorld.csproj", "{44BD30DF-7A5D-48CA-9D2E-5E98E0177C04}"
EndProject
Project("{2150E333-8FDC-42A3-9474-1A3956D46DE8}") = "Kapitel-1", "Kapitel-1", "{4E5E865A-87C3-434E-A334-F6992403853F}"
EndProject
Project("{9A19103F-16F7-4668-BE54-9A1E7A4F7556}") = "Lucktext", "Kapitel-1\Lucktext\Lucktext.csproj", "{680208BF-1780-4F35-B933-90912D10D689}"
EndProject
Project("{9A19103F-16F7-4668-BE54-9A1E7A4F7556}") = "Registrering", "Kapitel-1\Registrering\Registrering.csproj", "{FA5E59A6-08D6-48D5-8A5F-F723EF630533}"
EndProject
Global
	GlobalSection(SolutionConfigurationPlatforms) = preSolution
		Debug|Any CPU = Debug|Any CPU
		Release|Any CPU = Release|Any CPU
	EndGlobalSection
	GlobalSection(ProjectConfigurationPlatforms) = postSolution
		{44BD30DF-7A5D-48CA-9D2E-5E98E0177C04}.Debug|Any CPU.ActiveCfg = Debug|Any CPU
		{44BD30DF-7A5D-48CA-9D2E-5E98E0177C04}.Debug|Any CPU.Build.0 = Debug|Any CPU
		{44BD30DF-7A5D-48CA-9D2E-5E98E0177C04}.Release|Any CPU.ActiveCfg = Release|Any CPU
		{44BD30DF-7A5D-48CA-9D2E-5E98E0177C04}.Release|Any CPU.Build.0 = Release|Any CPU
		{680208BF-1780-4F35-B933-90912D10D689}.Debug|Any CPU.ActiveCfg = Debug|Any CPU
		{680208BF-1780-4F35-B933-90912D10D689}.Debug|Any CPU.Build.0 = Debug|Any CPU
		{680208BF-1780-4F35-B933-90912D10D689}.Release|Any CPU.ActiveCfg = Release|Any CPU
		{680208BF-1780-4F35-B933-90912D10D689}.Release|Any CPU.Build.0 = Release|Any CPU
		{FA5E59A6-08D6-48D5-8A5F-F723EF630533}.Debug|Any CPU.ActiveCfg = Debug|Any CPU
		{FA5E59A6-08D6-48D5-8A5F-F723EF630533}.Debug|Any CPU.Build.0 = Debug|Any CPU
		{FA5E59A6-08D6-48D5-8A5F-F723EF630533}.Release|Any CPU.ActiveCfg = Release|Any CPU
		{FA5E59A6-08D6-48D5-8A5F-F723EF630533}.Release|Any CPU.Build.0 = Release|Any CPU
	EndGlobalSection
	GlobalSection(SolutionProperties) = preSolution
		HideSolutionNode = FALSE
	EndGlobalSection
	GlobalSection(NestedProjects) = preSolution
		{680208BF-1780-4F35-B933-90912D10D689} = {4E5E865A-87C3-434E-A334-F6992403853F}
		{FA5E59A6-08D6-48D5-8A5F-F723EF630533} = {4E5E865A-87C3-434E-A334-F6992403853F}
	EndGlobalSection
	GlobalSection(ExtensibilityGlobals) = postSolution
		SolutionGuid = {3A863530-0045-430D-AF00-8B999A6A785B}
	EndGlobalSection
EndGlobal
