
Microsoft Visual Studio Solution File, Format Version 12.00
# Visual Studio Version 17
VisualStudioVersion = 17.5.002.0
MinimumVisualStudioVersion = 10.0.40219.1
Project("{9A19103F-16F7-4668-BE54-9A1E7A4F7556}") = "HelloWorld", "HelloWorld\HelloWorld.csproj", "{3B943BFB-0A13-4235-831F-7537727B6CDA}"
EndProject
Project("{2150E333-8FDC-42A3-9474-1A3956D46DE8}") = "Kapitel-1", "Kapitel-1", "{8F26C667-EF12-494B-81EE-7D116F700141}"
EndProject
Project("{9A19103F-16F7-4668-BE54-9A1E7A4F7556}") = "Lucktext", "Kapitel-1\Lucktext\Lucktext.csproj", "{5892D26F-BE51-456E-8467-9B91673EF32C}"
EndProject
Project("{9A19103F-16F7-4668-BE54-9A1E7A4F7556}") = "Registrering", "Kapitel-1\Registrering\Registrering.csproj", "{E9368B43-72B5-430D-85E1-AD022F6A6559}"
EndProject
Project("{2150E333-8FDC-42A3-9474-1A3956D46DE8}") = "Kapitel-3", "Kapitel-3", "{F54497B2-F969-4EA5-8837-6E4C57CCE6FB}"
EndProject
Project("{9A19103F-16F7-4668-BE54-9A1E7A4F7556}") = "EngChart", "Kapitel-3\EngChart\EngChart.csproj", "{55DB8046-0E83-4034-A186-7904488201AF}"
EndProject
Project("{9A19103F-16F7-4668-BE54-9A1E7A4F7556}") = "InteraktivStory", "Kapitel-3\InteraktivStory\InteraktivStory.csproj", "{DA733FCA-E3E6-43C4-A4B4-0C94CB3C7E80}"
EndProject
Global
	GlobalSection(SolutionConfigurationPlatforms) = preSolution
		Debug|Any CPU = Debug|Any CPU
		Release|Any CPU = Release|Any CPU
	EndGlobalSection
	GlobalSection(ProjectConfigurationPlatforms) = postSolution
		{3B943BFB-0A13-4235-831F-7537727B6CDA}.Debug|Any CPU.ActiveCfg = Debug|Any CPU
		{3B943BFB-0A13-4235-831F-7537727B6CDA}.Debug|Any CPU.Build.0 = Debug|Any CPU
		{3B943BFB-0A13-4235-831F-7537727B6CDA}.Release|Any CPU.ActiveCfg = Release|Any CPU
		{3B943BFB-0A13-4235-831F-7537727B6CDA}.Release|Any CPU.Build.0 = Release|Any CPU
		{5892D26F-BE51-456E-8467-9B91673EF32C}.Debug|Any CPU.ActiveCfg = Debug|Any CPU
		{5892D26F-BE51-456E-8467-9B91673EF32C}.Debug|Any CPU.Build.0 = Debug|Any CPU
		{5892D26F-BE51-456E-8467-9B91673EF32C}.Release|Any CPU.ActiveCfg = Release|Any CPU
		{5892D26F-BE51-456E-8467-9B91673EF32C}.Release|Any CPU.Build.0 = Release|Any CPU
		{E9368B43-72B5-430D-85E1-AD022F6A6559}.Debug|Any CPU.ActiveCfg = Debug|Any CPU
		{E9368B43-72B5-430D-85E1-AD022F6A6559}.Debug|Any CPU.Build.0 = Debug|Any CPU
		{E9368B43-72B5-430D-85E1-AD022F6A6559}.Release|Any CPU.ActiveCfg = Release|Any CPU
		{E9368B43-72B5-430D-85E1-AD022F6A6559}.Release|Any CPU.Build.0 = Release|Any CPU
		{55DB8046-0E83-4034-A186-7904488201AF}.Debug|Any CPU.ActiveCfg = Debug|Any CPU
		{55DB8046-0E83-4034-A186-7904488201AF}.Debug|Any CPU.Build.0 = Debug|Any CPU
		{55DB8046-0E83-4034-A186-7904488201AF}.Release|Any CPU.ActiveCfg = Release|Any CPU
		{55DB8046-0E83-4034-A186-7904488201AF}.Release|Any CPU.Build.0 = Release|Any CPU
		{DA733FCA-E3E6-43C4-A4B4-0C94CB3C7E80}.Debug|Any CPU.ActiveCfg = Debug|Any CPU
		{DA733FCA-E3E6-43C4-A4B4-0C94CB3C7E80}.Debug|Any CPU.Build.0 = Debug|Any CPU
		{DA733FCA-E3E6-43C4-A4B4-0C94CB3C7E80}.Release|Any CPU.ActiveCfg = Release|Any CPU
		{DA733FCA-E3E6-43C4-A4B4-0C94CB3C7E80}.Release|Any CPU.Build.0 = Release|Any CPU
	EndGlobalSection
	GlobalSection(SolutionProperties) = preSolution
		HideSolutionNode = FALSE
	EndGlobalSection
	GlobalSection(NestedProjects) = preSolution
		{5892D26F-BE51-456E-8467-9B91673EF32C} = {8F26C667-EF12-494B-81EE-7D116F700141}
		{E9368B43-72B5-430D-85E1-AD022F6A6559} = {8F26C667-EF12-494B-81EE-7D116F700141}
		{55DB8046-0E83-4034-A186-7904488201AF} = {F54497B2-F969-4EA5-8837-6E4C57CCE6FB}
		{DA733FCA-E3E6-43C4-A4B4-0C94CB3C7E80} = {F54497B2-F969-4EA5-8837-6E4C57CCE6FB}
	EndGlobalSection
	GlobalSection(ExtensibilityGlobals) = postSolution
		SolutionGuid = {3A863530-0045-430D-AF00-8B999A6A785B}
	EndGlobalSection
EndGlobal
