Microsoft Visual Studio Solution File, Format Version 12.00
# Visual Studio Version 17
VisualStudioVersion = 17.5.2.0
MinimumVisualStudioVersion = 10.0.40219.1
Project("{FAE04EC0-301F-11D3-BF4B-00C04F79EFBC}") = "CeasarKrypto2", "CeasarKrypto2.csproj", "{BE7EDDAC-A2ED-8F14-B2A7-FC4FF89B28F3}"
EndProject
Global
	GlobalSection(SolutionConfigurationPlatforms) = preSolution
		Debug|Any CPU = Debug|Any CPU
		Release|Any CPU = Release|Any CPU
	EndGlobalSection
	GlobalSection(ProjectConfigurationPlatforms) = postSolution
		{BE7EDDAC-A2ED-8F14-B2A7-FC4FF89B28F3}.Debug|Any CPU.ActiveCfg = Debug|Any CPU
		{BE7EDDAC-A2ED-8F14-B2A7-FC4FF89B28F3}.Debug|Any CPU.Build.0 = Debug|Any CPU
		{BE7EDDAC-A2ED-8F14-B2A7-FC4FF89B28F3}.Release|Any CPU.ActiveCfg = Release|Any CPU
		{BE7EDDAC-A2ED-8F14-B2A7-FC4FF89B28F3}.Release|Any CPU.Build.0 = Release|Any CPU
	EndGlobalSection
	GlobalSection(SolutionProperties) = preSolution
		HideSolutionNode = FALSE
	EndGlobalSection
	GlobalSection(ExtensibilityGlobals) = postSolution
		SolutionGuid = {75D29D9F-21C3-43F3-9E85-24E8910ED009}
	EndGlobalSection
EndGlobal
