
Microsoft Visual Studio Solution File, Format Version 12.00
# Visual Studio Version 17
VisualStudioVersion = 17.5.002.0
MinimumVisualStudioVersion = 10.0.40219.1
Project("{9A19103F-16F7-4668-BE54-9A1E7A4F7556}") = "Listor2", "Listor2.csproj", "{F4CC167C-C485-422E-8D9D-E0C052AE9CE4}"
EndProject
Global
	GlobalSection(SolutionConfigurationPlatforms) = preSolution
		Debug|Any CPU = Debug|Any CPU
		Release|Any CPU = Release|Any CPU
	EndGlobalSection
	GlobalSection(ProjectConfigurationPlatforms) = postSolution
		{F4CC167C-C485-422E-8D9D-E0C052AE9CE4}.Debug|Any CPU.ActiveCfg = Debug|Any CPU
		{F4CC167C-C485-422E-8D9D-E0C052AE9CE4}.Debug|Any CPU.Build.0 = Debug|Any CPU
		{F4CC167C-C485-422E-8D9D-E0C052AE9CE4}.Release|Any CPU.ActiveCfg = Release|Any CPU
		{F4CC167C-C485-422E-8D9D-E0C052AE9CE4}.Release|Any CPU.Build.0 = Release|Any CPU
	EndGlobalSection
	GlobalSection(SolutionProperties) = preSolution
		HideSolutionNode = FALSE
	EndGlobalSection
	GlobalSection(ExtensibilityGlobals) = postSolution
		SolutionGuid = {0A602D8A-85D2-4C97-B66F-9BE0F10DC2B5}
	EndGlobalSection
EndGlobal
