
Microsoft Visual Studio Solution File, Format Version 12.00
# Visual Studio Version 17
VisualStudioVersion = 17.5.002.0
MinimumVisualStudioVersion = 10.0.40219.1
Project("{9A19103F-16F7-4668-BE54-9A1E7A4F7556}") = "Registrering", "Registrering.csproj", "{D7FCBD70-49F4-452C-B739-6984F2B9332F}"
EndProject
Global
	GlobalSection(SolutionConfigurationPlatforms) = preSolution
		Debug|Any CPU = Debug|Any CPU
		Release|Any CPU = Release|Any CPU
	EndGlobalSection
	GlobalSection(ProjectConfigurationPlatforms) = postSolution
		{D7FCBD70-49F4-452C-B739-6984F2B9332F}.Debug|Any CPU.ActiveCfg = Debug|Any CPU
		{D7FCBD70-49F4-452C-B739-6984F2B9332F}.Debug|Any CPU.Build.0 = Debug|Any CPU
		{D7FCBD70-49F4-452C-B739-6984F2B9332F}.Release|Any CPU.ActiveCfg = Release|Any CPU
		{D7FCBD70-49F4-452C-B739-6984F2B9332F}.Release|Any CPU.Build.0 = Release|Any CPU
	EndGlobalSection
	GlobalSection(SolutionProperties) = preSolution
		HideSolutionNode = FALSE
	EndGlobalSection
	GlobalSection(ExtensibilityGlobals) = postSolution
		SolutionGuid = {7514539A-B213-44D1-8EF8-C5BC6D92E3B7}
	EndGlobalSection
EndGlobal
