
Microsoft Visual Studio Solution File, Format Version 12.00
# Visual Studio Version 17
VisualStudioVersion = 17.5.002.0
MinimumVisualStudioVersion = 10.0.40219.1
Project("{9A19103F-16F7-4668-BE54-9A1E7A4F7556}") = "MikroOvningar4", "MikroOvningar4.csproj", "{36CC248C-0122-4CCF-8CA0-ECA9B7A2BDA8}"
EndProject
Global
	GlobalSection(SolutionConfigurationPlatforms) = preSolution
		Debug|Any CPU = Debug|Any CPU
		Release|Any CPU = Release|Any CPU
	EndGlobalSection
	GlobalSection(ProjectConfigurationPlatforms) = postSolution
		{36CC248C-0122-4CCF-8CA0-ECA9B7A2BDA8}.Debug|Any CPU.ActiveCfg = Debug|Any CPU
		{36CC248C-0122-4CCF-8CA0-ECA9B7A2BDA8}.Debug|Any CPU.Build.0 = Debug|Any CPU
		{36CC248C-0122-4CCF-8CA0-ECA9B7A2BDA8}.Release|Any CPU.ActiveCfg = Release|Any CPU
		{36CC248C-0122-4CCF-8CA0-ECA9B7A2BDA8}.Release|Any CPU.Build.0 = Release|Any CPU
	EndGlobalSection
	GlobalSection(SolutionProperties) = preSolution
		HideSolutionNode = FALSE
	EndGlobalSection
	GlobalSection(ExtensibilityGlobals) = postSolution
		SolutionGuid = {7D3FCDE0-3CC4-4CAA-8C38-119C19661002}
	EndGlobalSection
EndGlobal
