
Microsoft Visual Studio Solution File, Format Version 12.00
# Visual Studio Version 17
VisualStudioVersion = 17.5.002.0
MinimumVisualStudioVersion = 10.0.40219.1
Project("{9A19103F-16F7-4668-BE54-9A1E7A4F7556}") = "SlumpadLista", "SlumpadLista.csproj", "{B00ED9B9-BDA3-4A78-9E11-5B84660200EE}"
EndProject
Global
	GlobalSection(SolutionConfigurationPlatforms) = preSolution
		Debug|Any CPU = Debug|Any CPU
		Release|Any CPU = Release|Any CPU
	EndGlobalSection
	GlobalSection(ProjectConfigurationPlatforms) = postSolution
		{B00ED9B9-BDA3-4A78-9E11-5B84660200EE}.Debug|Any CPU.ActiveCfg = Debug|Any CPU
		{B00ED9B9-BDA3-4A78-9E11-5B84660200EE}.Debug|Any CPU.Build.0 = Debug|Any CPU
		{B00ED9B9-BDA3-4A78-9E11-5B84660200EE}.Release|Any CPU.ActiveCfg = Release|Any CPU
		{B00ED9B9-BDA3-4A78-9E11-5B84660200EE}.Release|Any CPU.Build.0 = Release|Any CPU
	EndGlobalSection
	GlobalSection(SolutionProperties) = preSolution
		HideSolutionNode = FALSE
	EndGlobalSection
	GlobalSection(ExtensibilityGlobals) = postSolution
		SolutionGuid = {7183598C-7FA6-427E-B125-D8BE2B9A8138}
	EndGlobalSection
EndGlobal
